
Microsoft Visual Studio Solution File, Format Version 12.00
# Visual Studio Version 17
VisualStudioVersion = 17.7.34031.279
MinimumVisualStudioVersion = 10.0.40219.1
Project("{FAE04EC0-301F-11D3-BF4B-00C04F79EFBC}") = "ConsoleApp2", "ConsoleApp2\ConsoleApp2.csproj", "{2418D3D6-EDE0-4349-B15E-A37B9B30FCDC}"
EndProject
Global
	GlobalSection(SolutionConfigurationPlatforms) = preSolution
		Debug|Any CPU = Debug|Any CPU
		Release|Any CPU = Release|Any CPU
	EndGlobalSection
	GlobalSection(ProjectConfigurationPlatforms) = postSolution
		{2418D3D6-EDE0-4349-B15E-A37B9B30FCDC}.Debug|Any CPU.ActiveCfg = Debug|Any CPU
		{2418D3D6-EDE0-4349-B15E-A37B9B30FCDC}.Debug|Any CPU.Build.0 = Debug|Any CPU
		{2418D3D6-EDE0-4349-B15E-A37B9B30FCDC}.Release|Any CPU.ActiveCfg = Release|Any CPU
		{2418D3D6-EDE0-4349-B15E-A37B9B30FCDC}.Release|Any CPU.Build.0 = Release|Any CPU
	EndGlobalSection
	GlobalSection(SolutionProperties) = preSolution
		HideSolutionNode = FALSE
	EndGlobalSection
	GlobalSection(ExtensibilityGlobals) = postSolution
		SolutionGuid = {C44B6D5D-AEB7-413B-8427-9C5BCAB073F8}
	EndGlobalSection
EndGlobal
